
Microsoft Visual Studio Solution File, Format Version 12.00
# Visual Studio Version 17
VisualStudioVersion = 17.9.34728.123
MinimumVisualStudioVersion = 10.0.40219.1
Project("{FAE04EC0-301F-11D3-BF4B-00C04F79EFBC}") = "C3P1.App", "C3P1.App.csproj", "{1EE983A5-D90A-4B8A-80E1-380EF4D453B8}"
EndProject
Global
	GlobalSection(SolutionConfigurationPlatforms) = preSolution
		Debug|Any CPU = Debug|Any CPU
		Release|Any CPU = Release|Any CPU
	EndGlobalSection
	GlobalSection(ProjectConfigurationPlatforms) = postSolution
		{1EE983A5-D90A-4B8A-80E1-380EF4D453B8}.Debug|Any CPU.ActiveCfg = Debug|Any CPU
		{1EE983A5-D90A-4B8A-80E1-380EF4D453B8}.Debug|Any CPU.Build.0 = Debug|Any CPU
		{1EE983A5-D90A-4B8A-80E1-380EF4D453B8}.Debug|Any CPU.Deploy.0 = Debug|Any CPU
		{1EE983A5-D90A-4B8A-80E1-380EF4D453B8}.Release|Any CPU.ActiveCfg = Release|Any CPU
		{1EE983A5-D90A-4B8A-80E1-380EF4D453B8}.Release|Any CPU.Build.0 = Release|Any CPU
		{1EE983A5-D90A-4B8A-80E1-380EF4D453B8}.Release|Any CPU.Deploy.0 = Release|Any CPU
	EndGlobalSection
	GlobalSection(SolutionProperties) = preSolution
		HideSolutionNode = FALSE
	EndGlobalSection
	GlobalSection(ExtensibilityGlobals) = postSolution
		SolutionGuid = {C82FA1D5-23EA-47FA-886F-5E4A30C57F67}
	EndGlobalSection
EndGlobal
